// !$*UTF8*$!
{
	archiveVersion = 1;
	classes = {
	};
	objectVersion = 46;
	objects = {

/* Begin PBXBuildFile section */
		1236A2601A77F48600FFE2AC /* NoiseCollectionViewLayout.swift in Sources */ = {isa = PBXBuildFile; fileRef = 1236A25F1A77F48600FFE2AC /* NoiseCollectionViewLayout.swift */; };
		127128371A773B4300695F15 /* AppDelegate.swift in Sources */ = {isa = PBXBuildFile; fileRef = 127128361A773B4300695F15 /* AppDelegate.swift */; };
		127128391A773B4300695F15 /* ViewController.swift in Sources */ = {isa = PBXBuildFile; fileRef = 127128381A773B4300695F15 /* ViewController.swift */; };
		1271283C1A773B4300695F15 /* Main.storyboard in Resources */ = {isa = PBXBuildFile; fileRef = 1271283A1A773B4300695F15 /* Main.storyboard */; };
		1271283E1A773B4300695F15 /* Images.xcassets in Resources */ = {isa = PBXBuildFile; fileRef = 1271283D1A773B4300695F15 /* Images.xcassets */; };
		127128411A773B4300695F15 /* LaunchScreen.xib in Resources */ = {isa = PBXBuildFile; fileRef = 1271283F1A773B4300695F15 /* LaunchScreen.xib */; };
		1271284D1A773B4300695F15 /* NoiseTests.swift in Sources */ = {isa = PBXBuildFile; fileRef = 1271284C1A773B4300695F15 /* NoiseTests.swift */; };
		127128591A7747BB00695F15 /* NoiseDataSource.swift in Sources */ = {isa = PBXBuildFile; fileRef = 127128581A7747BB00695F15 /* NoiseDataSource.swift */; };
/* End PBXBuildFile section */

/* Begin PBXContainerItemProxy section */
		127128471A773B4300695F15 /* PBXContainerItemProxy */ = {
			isa = PBXContainerItemProxy;
			containerPortal = 127128291A773B4300695F15 /* Project object */;
			proxyType = 1;
			remoteGlobalIDString = 127128301A773B4300695F15;
			remoteInfo = Noise;
		};
/* End PBXContainerItemProxy section */

/* Begin PBXFileReference section */
		1236A25F1A77F48600FFE2AC /* NoiseCollectionViewLayout.swift */ = {isa = PBXFileReference; fileEncoding = 4; lastKnownFileType = sourcecode.swift; path = NoiseCollectionViewLayout.swift; sourceTree = "<group>"; };
		127128311A773B4300695F15 /* Noise.app */ = {isa = PBXFileReference; explicitFileType = wrapper.application; includeInIndex = 0; path = Noise.app; sourceTree = BUILT_PRODUCTS_DIR; };
		127128351A773B4300695F15 /* Info.plist */ = {isa = PBXFileReference; lastKnownFileType = text.plist.xml; path = Info.plist; sourceTree = "<group>"; };
		127128361A773B4300695F15 /* AppDelegate.swift */ = {isa = PBXFileReference; lastKnownFileType = sourcecode.swift; path = AppDelegate.swift; sourceTree = "<group>"; };
		127128381A773B4300695F15 /* ViewController.swift */ = {isa = PBXFileReference; lastKnownFileType = sourcecode.swift; path = ViewController.swift; sourceTree = "<group>"; };
		1271283B1A773B4300695F15 /* Base */ = {isa = PBXFileReference; lastKnownFileType = file.storyboard; name = Base; path = Base.lproj/Main.storyboard; sourceTree = "<group>"; };
		1271283D1A773B4300695F15 /* Images.xcassets */ = {isa = PBXFileReference; lastKnownFileType = folder.assetcatalog; path = Images.xcassets; sourceTree = "<group>"; };
		127128401A773B4300695F15 /* Base */ = {isa = PBXFileReference; lastKnownFileType = file.xib; name = Base; path = Base.lproj/LaunchScreen.xib; sourceTree = "<group>"; };
		127128461A773B4300695F15 /* NoiseTests.xctest */ = {isa = PBXFileReference; explicitFileType = wrapper.cfbundle; includeInIndex = 0; path = NoiseTests.xctest; sourceTree = BUILT_PRODUCTS_DIR; };
		1271284B1A773B4300695F15 /* Info.plist */ = {isa = PBXFileReference; lastKnownFileType = text.plist.xml; path = Info.plist; sourceTree = "<group>"; };
		1271284C1A773B4300695F15 /* NoiseTests.swift */ = {isa = PBXFileReference; lastKnownFileType = sourcecode.swift; path = NoiseTests.swift; sourceTree = "<group>"; };
		127128581A7747BB00695F15 /* NoiseDataSource.swift */ = {isa = PBXFileReference; fileEncoding = 4; lastKnownFileType = sourcecode.swift; path = NoiseDataSource.swift; sourceTree = "<group>"; };
/* End PBXFileReference section */

/* Begin PBXFrameworksBuildPhase section */
		1271282E1A773B4300695F15 /* Frameworks */ = {
			isa = PBXFrameworksBuildPhase;
			buildActionMask = 2147483647;
			files = (
			);
			runOnlyForDeploymentPostprocessing = 0;
		};
		127128431A773B4300695F15 /* Frameworks */ = {
			isa = PBXFrameworksBuildPhase;
			buildActionMask = 2147483647;
			files = (
			);
			runOnlyForDeploymentPostprocessing = 0;
		};
/* End PBXFrameworksBuildPhase section */

/* Begin PBXGroup section */
		127128281A773B4300695F15 = {
			isa = PBXGroup;
			children = (
				127128331A773B4300695F15 /* Noise */,
				127128491A773B4300695F15 /* NoiseTests */,
				127128321A773B4300695F15 /* Products */,
			);
			sourceTree = "<group>";
		};
		127128321A773B4300695F15 /* Products */ = {
			isa = PBXGroup;
			children = (
				127128311A773B4300695F15 /* Noise.app */,
				127128461A773B4300695F15 /* NoiseTests.xctest */,
			);
			name = Products;
			sourceTree = "<group>";
		};
		127128331A773B4300695F15 /* Noise */ = {
			isa = PBXGroup;
			children = (
				1236A25F1A77F48600FFE2AC /* NoiseCollectionViewLayout.swift */,
				127128361A773B4300695F15 /* AppDelegate.swift */,
				127128381A773B4300695F15 /* ViewController.swift */,
				1271283A1A773B4300695F15 /* Main.storyboard */,
				1271283D1A773B4300695F15 /* Images.xcassets */,
				1271283F1A773B4300695F15 /* LaunchScreen.xib */,
				127128341A773B4300695F15 /* Supporting Files */,
				127128581A7747BB00695F15 /* NoiseDataSource.swift */,
			);
			path = Noise;
			sourceTree = "<group>";
		};
		127128341A773B4300695F15 /* Supporting Files */ = {
			isa = PBXGroup;
			children = (
				127128351A773B4300695F15 /* Info.plist */,
			);
			name = "Supporting Files";
			sourceTree = "<group>";
		};
		127128491A773B4300695F15 /* NoiseTests */ = {
			isa = PBXGroup;
			children = (
				1271284C1A773B4300695F15 /* NoiseTests.swift */,
				1271284A1A773B4300695F15 /* Supporting Files */,
			);
			path = NoiseTests;
			sourceTree = "<group>";
		};
		1271284A1A773B4300695F15 /* Supporting Files */ = {
			isa = PBXGroup;
			children = (
				1271284B1A773B4300695F15 /* Info.plist */,
			);
			name = "Supporting Files";
			sourceTree = "<group>";
		};
/* End PBXGroup section */

/* Begin PBXNativeTarget section */
		127128301A773B4300695F15 /* Noise */ = {
			isa = PBXNativeTarget;
			buildConfigurationList = 127128501A773B4300695F15 /* Build configuration list for PBXNativeTarget "Noise" */;
			buildPhases = (
				1271282D1A773B4300695F15 /* Sources */,
				1271282E1A773B4300695F15 /* Frameworks */,
				1271282F1A773B4300695F15 /* Resources */,
			);
			buildRules = (
			);
			dependencies = (
			);
			name = Noise;
			productName = Noise;
			productReference = 127128311A773B4300695F15 /* Noise.app */;
			productType = "com.apple.product-type.application";
		};
		127128451A773B4300695F15 /* NoiseTests */ = {
			isa = PBXNativeTarget;
			buildConfigurationList = 127128531A773B4300695F15 /* Build configuration list for PBXNativeTarget "NoiseTests" */;
			buildPhases = (
				127128421A773B4300695F15 /* Sources */,
				127128431A773B4300695F15 /* Frameworks */,
				127128441A773B4300695F15 /* Resources */,
			);
			buildRules = (
			);
			dependencies = (
				127128481A773B4300695F15 /* PBXTargetDependency */,
			);
			name = NoiseTests;
			productName = NoiseTests;
			productReference = 127128461A773B4300695F15 /* NoiseTests.xctest */;
			productType = "com.apple.product-type.bundle.unit-test";
		};
/* End PBXNativeTarget section */

/* Begin PBXProject section */
		127128291A773B4300695F15 /* Project object */ = {
			isa = PBXProject;
			attributes = {
				LastUpgradeCheck = 0610;
				ORGANIZATIONNAME = Ello;
				TargetAttributes = {
					127128301A773B4300695F15 = {
						CreatedOnToolsVersion = 6.1.1;
					};
					127128451A773B4300695F15 = {
						CreatedOnToolsVersion = 6.1.1;
						TestTargetID = 127128301A773B4300695F15;
					};
				};
			};
			buildConfigurationList = 1271282C1A773B4300695F15 /* Build configuration list for PBXProject "Noise" */;
			compatibilityVersion = "Xcode 3.2";
			developmentRegion = English;
			hasScannedForEncodings = 0;
			knownRegions = (
				en,
				Base,
			);
			mainGroup = 127128281A773B4300695F15;
			productRefGroup = 127128321A773B4300695F15 /* Products */;
			projectDirPath = "";
			projectRoot = "";
			targets = (
				127128301A773B4300695F15 /* Noise */,
				127128451A773B4300695F15 /* NoiseTests */,
			);
		};
/* End PBXProject section */

/* Begin PBXResourcesBuildPhase section */
		1271282F1A773B4300695F15 /* Resources */ = {
			isa = PBXResourcesBuildPhase;
			buildActionMask = 2147483647;
			files = (
				1271283C1A773B4300695F15 /* Main.storyboard in Resources */,
				127128411A773B4300695F15 /* LaunchScreen.xib in Resources */,
				1271283E1A773B4300695F15 /* Images.xcassets in Resources */,
			);
			runOnlyForDeploymentPostprocessing = 0;
		};
		127128441A773B4300695F15 /* Resources */ = {
			isa = PBXResourcesBuildPhase;
			buildActionMask = 2147483647;
			files = (
			);
			runOnlyForDeploymentPostprocessing = 0;
		};
/* End PBXResourcesBuildPhase section */

/* Begin PBXSourcesBuildPhase section */
		1271282D1A773B4300695F15 /* Sources */ = {
			isa = PBXSourcesBuildPhase;
			buildActionMask = 2147483647;
			files = (
				127128391A773B4300695F15 /* ViewController.swift in Sources */,
				1236A2601A77F48600FFE2AC /* NoiseCollectionViewLayout.swift in Sources */,
				127128591A7747BB00695F15 /* NoiseDataSource.swift in Sources */,
				127128371A773B4300695F15 /* AppDelegate.swift in Sources */,
			);
			runOnlyForDeploymentPostprocessing = 0;
		};
		127128421A773B4300695F15 /* Sources */ = {
			isa = PBXSourcesBuildPhase;
			buildActionMask = 2147483647;
			files = (
				1271284D1A773B4300695F15 /* NoiseTests.swift in Sources */,
			);
			runOnlyForDeploymentPostprocessing = 0;
		};
/* End PBXSourcesBuildPhase section */

/* Begin PBXTargetDependency section */
		127128481A773B4300695F15 /* PBXTargetDependency */ = {
			isa = PBXTargetDependency;
			target = 127128301A773B4300695F15 /* Noise */;
			targetProxy = 127128471A773B4300695F15 /* PBXContainerItemProxy */;
		};
/* End PBXTargetDependency section */

/* Begin PBXVariantGroup section */
		1271283A1A773B4300695F15 /* Main.storyboard */ = {
			isa = PBXVariantGroup;
			children = (
				1271283B1A773B4300695F15 /* Base */,
			);
			name = Main.storyboard;
			sourceTree = "<group>";
		};
		1271283F1A773B4300695F15 /* LaunchScreen.xib */ = {
			isa = PBXVariantGroup;
			children = (
				127128401A773B4300695F15 /* Base */,
			);
			name = LaunchScreen.xib;
			sourceTree = "<group>";
		};
/* End PBXVariantGroup section */

/* Begin XCBuildConfiguration section */
		1271284E1A773B4300695F15 /* Debug */ = {
			isa = XCBuildConfiguration;
			buildSettings = {
				ALWAYS_SEARCH_USER_PATHS = NO;
				CLANG_CXX_LANGUAGE_STANDARD = "gnu++0x";
				CLANG_CXX_LIBRARY = "libc++";
				CLANG_ENABLE_MODULES = YES;
				CLANG_ENABLE_OBJC_ARC = YES;
				CLANG_WARN_BOOL_CONVERSION = YES;
				CLANG_WARN_CONSTANT_CONVERSION = YES;
				CLANG_WARN_DIRECT_OBJC_ISA_USAGE = YES_ERROR;
				CLANG_WARN_EMPTY_BODY = YES;
				CLANG_WARN_ENUM_CONVERSION = YES;
				CLANG_WARN_INT_CONVERSION = YES;
				CLANG_WARN_OBJC_ROOT_CLASS = YES_ERROR;
				CLANG_WARN_UNREACHABLE_CODE = YES;
				CLANG_WARN__DUPLICATE_METHOD_MATCH = YES;
				"CODE_SIGN_IDENTITY[sdk=iphoneos*]" = "iPhone Developer";
				COPY_PHASE_STRIP = NO;
				ENABLE_STRICT_OBJC_MSGSEND = YES;
				GCC_C_LANGUAGE_STANDARD = gnu99;
				GCC_DYNAMIC_NO_PIC = NO;
				GCC_OPTIMIZATION_LEVEL = 0;
				GCC_PREPROCESSOR_DEFINITIONS = (
					"DEBUG=1",
					"$(inherited)",
				);
				GCC_SYMBOLS_PRIVATE_EXTERN = NO;
				GCC_WARN_64_TO_32_BIT_CONVERSION = YES;
				GCC_WARN_ABOUT_RETURN_TYPE = YES_ERROR;
				GCC_WARN_UNDECLARED_SELECTOR = YES;
				GCC_WARN_UNINITIALIZED_AUTOS = YES_AGGRESSIVE;
				GCC_WARN_UNUSED_FUNCTION = YES;
				GCC_WARN_UNUSED_VARIABLE = YES;
				IPHONEOS_DEPLOYMENT_TARGET = 8.1;
				MTL_ENABLE_DEBUG_INFO = YES;
				ONLY_ACTIVE_ARCH = YES;
				SDKROOT = iphoneos;
				SWIFT_OPTIMIZATION_LEVEL = "-Onone";
				TARGETED_DEVICE_FAMILY = "1,2";
			};
			name = Debug;
		};
		1271284F1A773B4300695F15 /* Release */ = {
			isa = XCBuildConfiguration;
			buildSettings = {
				ALWAYS_SEARCH_USER_PATHS = NO;
				CLANG_CXX_LANGUAGE_STANDARD = "gnu++0x";
				CLANG_CXX_LIBRARY = "libc++";
				CLANG_ENABLE_MODULES = YES;
				CLANG_ENABLE_OBJC_ARC = YES;
				CLANG_WARN_BOOL_CONVERSION = YES;
				CLANG_WARN_CONSTANT_CONVERSION = YES;
				CLANG_WARN_DIRECT_OBJC_ISA_USAGE = YES_ERROR;
				CLANG_WARN_EMPTY_BODY = YES;
				CLANG_WARN_ENUM_CONVERSION = YES;
				CLANG_WARN_INT_CONVERSION = YES;
				CLANG_WARN_OBJC_ROOT_CLASS = YES_ERROR;
				CLANG_WARN_UNREACHABLE_CODE = YES;
				CLANG_WARN__DUPLICATE_METHOD_MATCH = YES;
				"CODE_SIGN_IDENTITY[sdk=iphoneos*]" = "iPhone Developer";
				COPY_PHASE_STRIP = YES;
				ENABLE_NS_ASSERTIONS = NO;
				ENABLE_STRICT_OBJC_MSGSEND = YES;
				GCC_C_LANGUAGE_STANDARD = gnu99;
				GCC_WARN_64_TO_32_BIT_CONVERSION = YES;
				GCC_WARN_ABOUT_RETURN_TYPE = YES_ERROR;
				GCC_WARN_UNDECLARED_SELECTOR = YES;
				GCC_WARN_UNINITIALIZED_AUTOS = YES_AGGRESSIVE;
				GCC_WARN_UNUSED_FUNCTION = YES;
				GCC_WARN_UNUSED_VARIABLE = YES;
				IPHONEOS_DEPLOYMENT_TARGET = 8.1;
				MTL_ENABLE_DEBUG_INFO = NO;
				SDKROOT = iphoneos;
				TARGETED_DEVICE_FAMILY = "1,2";
				VALIDATE_PRODUCT = YES;
			};
			name = Release;
		};
		127128511A773B4300695F15 /* Debug */ = {
			isa = XCBuildConfiguration;
			buildSettings = {
				ASSETCATALOG_COMPILER_APPICON_NAME = AppIcon;
				INFOPLIST_FILE = Noise/Info.plist;
				LD_RUNPATH_SEARCH_PATHS = "$(inherited) @executable_path/Frameworks";
				PRODUCT_NAME = "$(TARGET_NAME)";
			};
			name = Debug;
		};
		127128521A773B4300695F15 /* Release */ = {
			isa = XCBuildConfiguration;
			buildSettings = {
				ASSETCATALOG_COMPILER_APPICON_NAME = AppIcon;
				INFOPLIST_FILE = Noise/Info.plist;
				LD_RUNPATH_SEARCH_PATHS = "$(inherited) @executable_path/Frameworks";
				PRODUCT_NAME = "$(TARGET_NAME)";
			};
			name = Release;
		};
		127128541A773B4300695F15 /* Debug */ = {
			isa = XCBuildConfiguration;
			buildSettings = {
				BUNDLE_LOADER = "$(TEST_HOST)";
				FRAMEWORK_SEARCH_PATHS = (
					"$(SDKROOT)/Developer/Library/Frameworks",
					"$(inherited)",
				);
				GCC_PREPROCESSOR_DEFINITIONS = (
					"DEBUG=1",
					"$(inherited)",
				);
				INFOPLIST_FILE = NoiseTests/Info.plist;
				LD_RUNPATH_SEARCH_PATHS = "$(inherited) @executable_path/Frameworks @loader_path/Frameworks";
				PRODUCT_NAME = "$(TARGET_NAME)";
				TEST_HOST = "$(BUILT_PRODUCTS_DIR)/Noise.app/Noise";
			};
			name = Debug;
		};
		127128551A773B4300695F15 /* Release */ = {
			isa = XCBuildConfiguration;
			buildSettings = {
				BUNDLE_LOADER = "$(TEST_HOST)";
				FRAMEWORK_SEARCH_PATHS = (
					"$(SDKROOT)/Developer/Library/Frameworks",
					"$(inherited)",
				);
				INFOPLIST_FILE = NoiseTests/Info.plist;
				LD_RUNPATH_SEARCH_PATHS = "$(inherited) @executable_path/Frameworks @loader_path/Frameworks";
				PRODUCT_NAME = "$(TARGET_NAME)";
				TEST_HOST = "$(BUILT_PRODUCTS_DIR)/Noise.app/Noise";
			};
			name = Release;
		};
/* End XCBuildConfiguration section */

/* Begin XCConfigurationList section */
		1271282C1A773B4300695F15 /* Build configuration list for PBXProject "Noise" */ = {
			isa = XCConfigurationList;
			buildConfigurations = (
				1271284E1A773B4300695F15 /* Debug */,
				1271284F1A773B4300695F15 /* Release */,
			);
			defaultConfigurationIsVisible = 0;
			defaultConfigurationName = Release;
		};
		127128501A773B4300695F15 /* Build configuration list for PBXNativeTarget "Noise" */ = {
			isa = XCConfigurationList;
			buildConfigurations = (
				127128511A773B4300695F15 /* Debug */,
				127128521A773B4300695F15 /* Release */,
			);
			defaultConfigurationIsVisible = 0;
			defaultConfigurationName = Release;
		};
		127128531A773B4300695F15 /* Build configuration list for PBXNativeTarget "NoiseTests" */ = {
			isa = XCConfigurationList;
			buildConfigurations = (
				127128541A773B4300695F15 /* Debug */,
				127128551A773B4300695F15 /* Release */,
			);
			defaultConfigurationIsVisible = 0;
			defaultConfigurationName = Release;
		};
/* End XCConfigurationList section */
	};
	rootObject = 127128291A773B4300695F15 /* Project object */;
}
